
Microsoft Visual Studio Solution File, Format Version 12.00
# Visual Studio 15
VisualStudioVersion = 15.0.28307.572
MinimumVisualStudioVersion = 10.0.40219.1
Project("{FAE04EC0-301F-11D3-BF4B-00C04F79EFBC}") = "AppCenterUWP", "AppCenterUWP\AppCenterUWP.csproj", "{0AA5370C-A52A-448D-83A6-993CAC4341FE}"
EndProject
Global
	GlobalSection(SolutionConfigurationPlatforms) = preSolution
		Debug|ARM = Debug|ARM
		Debug|ARM64 = Debug|ARM64
		Debug|x64 = Debug|x64
		Debug|x86 = Debug|x86
		Release|ARM = Release|ARM
		Release|ARM64 = Release|ARM64
		Release|x64 = Release|x64
		Release|x86 = Release|x86
	EndGlobalSection
	GlobalSection(ProjectConfigurationPlatforms) = postSolution
		{0AA5370C-A52A-448D-83A6-993CAC4341FE}.Debug|ARM.ActiveCfg = Debug|ARM
		{0AA5370C-A52A-448D-83A6-993CAC4341FE}.Debug|ARM.Build.0 = Debug|ARM
		{0AA5370C-A52A-448D-83A6-993CAC4341FE}.Debug|ARM.Deploy.0 = Debug|ARM
		{0AA5370C-A52A-448D-83A6-993CAC4341FE}.Debug|ARM64.ActiveCfg = Debug|ARM64
		{0AA5370C-A52A-448D-83A6-993CAC4341FE}.Debug|ARM64.Build.0 = Debug|ARM64
		{0AA5370C-A52A-448D-83A6-993CAC4341FE}.Debug|ARM64.Deploy.0 = Debug|ARM64
		{0AA5370C-A52A-448D-83A6-993CAC4341FE}.Debug|x64.ActiveCfg = Debug|x64
		{0AA5370C-A52A-448D-83A6-993CAC4341FE}.Debug|x64.Build.0 = Debug|x64
		{0AA5370C-A52A-448D-83A6-993CAC4341FE}.Debug|x64.Deploy.0 = Debug|x64
		{0AA5370C-A52A-448D-83A6-993CAC4341FE}.Debug|x86.ActiveCfg = Debug|x86
		{0AA5370C-A52A-448D-83A6-993CAC4341FE}.Debug|x86.Build.0 = Debug|x86
		{0AA5370C-A52A-448D-83A6-993CAC4341FE}.Debug|x86.Deploy.0 = Debug|x86
		{0AA5370C-A52A-448D-83A6-993CAC4341FE}.Release|ARM.ActiveCfg = Release|ARM
		{0AA5370C-A52A-448D-83A6-993CAC4341FE}.Release|ARM.Build.0 = Release|ARM
		{0AA5370C-A52A-448D-83A6-993CAC4341FE}.Release|ARM.Deploy.0 = Release|ARM
		{0AA5370C-A52A-448D-83A6-993CAC4341FE}.Release|ARM64.ActiveCfg = Release|ARM64
		{0AA5370C-A52A-448D-83A6-993CAC4341FE}.Release|ARM64.Build.0 = Release|ARM64
		{0AA5370C-A52A-448D-83A6-993CAC4341FE}.Release|ARM64.Deploy.0 = Release|ARM64
		{0AA5370C-A52A-448D-83A6-993CAC4341FE}.Release|x64.ActiveCfg = Release|x64
		{0AA5370C-A52A-448D-83A6-993CAC4341FE}.Release|x64.Build.0 = Release|x64
		{0AA5370C-A52A-448D-83A6-993CAC4341FE}.Release|x64.Deploy.0 = Release|x64
		{0AA5370C-A52A-448D-83A6-993CAC4341FE}.Release|x86.ActiveCfg = Release|x86
		{0AA5370C-A52A-448D-83A6-993CAC4341FE}.Release|x86.Build.0 = Release|x86
		{0AA5370C-A52A-448D-83A6-993CAC4341FE}.Release|x86.Deploy.0 = Release|x86
	EndGlobalSection
	GlobalSection(SolutionProperties) = preSolution
		HideSolutionNode = FALSE
	EndGlobalSection
	GlobalSection(ExtensibilityGlobals) = postSolution
		SolutionGuid = {F6E433A0-0F55-4E53-8038-2AA05BBC6EB6}
	EndGlobalSection
EndGlobal
